
Microsoft Visual Studio Solution File, Format Version 12.00
# Visual Studio Version 16
VisualStudioVersion = 16.0.32901.82
MinimumVisualStudioVersion = 10.0.40219.1
Project("{FAE04EC0-301F-11D3-BF4B-00C04F79EFBC}") = "ProjetoEntity.Web", "ProjetoEntity.Web\ProjetoEntity.Web.csproj", "{7950FCB1-0E26-485E-BE00-CD8460258C84}"
EndProject
Project("{FAE04EC0-301F-11D3-BF4B-00C04F79EFBC}") = "ProjetoEntity.Data", "ProjetoEntity.Data\ProjetoEntity.Data.csproj", "{8D1E713B-813C-4C75-9C8B-5778DACD2CE0}"
EndProject
Global
	GlobalSection(SolutionConfigurationPlatforms) = preSolution
		Debug|Any CPU = Debug|Any CPU
		Release|Any CPU = Release|Any CPU
	EndGlobalSection
	GlobalSection(ProjectConfigurationPlatforms) = postSolution
		{7950FCB1-0E26-485E-BE00-CD8460258C84}.Debug|Any CPU.ActiveCfg = Debug|Any CPU
		{7950FCB1-0E26-485E-BE00-CD8460258C84}.Debug|Any CPU.Build.0 = Debug|Any CPU
		{7950FCB1-0E26-485E-BE00-CD8460258C84}.Release|Any CPU.ActiveCfg = Release|Any CPU
		{7950FCB1-0E26-485E-BE00-CD8460258C84}.Release|Any CPU.Build.0 = Release|Any CPU
		{8D1E713B-813C-4C75-9C8B-5778DACD2CE0}.Debug|Any CPU.ActiveCfg = Debug|Any CPU
		{8D1E713B-813C-4C75-9C8B-5778DACD2CE0}.Debug|Any CPU.Build.0 = Debug|Any CPU
		{8D1E713B-813C-4C75-9C8B-5778DACD2CE0}.Release|Any CPU.ActiveCfg = Release|Any CPU
		{8D1E713B-813C-4C75-9C8B-5778DACD2CE0}.Release|Any CPU.Build.0 = Release|Any CPU
	EndGlobalSection
	GlobalSection(SolutionProperties) = preSolution
		HideSolutionNode = FALSE
	EndGlobalSection
	GlobalSection(ExtensibilityGlobals) = postSolution
		SolutionGuid = {31C598ED-4B73-40F7-8E50-BFC33E71231F}
	EndGlobalSection
EndGlobal
